{
  "version": "2",
  "remote": {
    "https://deno.land/std@0.127.0/_util/assert.ts": "6396c1bd0361c4939e7f32f9b03efffcd04b640a1b206ed67058553d6cb59cc4",
    "https://deno.land/std@0.127.0/_util/os.ts": "49b92edea1e82ba295ec946de8ffd956ed123e2948d9bd1d3e901b04e4307617",
    "https://deno.land/std@0.127.0/path/_constants.ts": "df1db3ffa6dd6d1252cc9617e5d72165cd2483df90e93833e13580687b6083c3",
    "https://deno.land/std@0.127.0/path/_interface.ts": "ee3b431a336b80cf445441109d089b70d87d5e248f4f90ff906820889ecf8d09",
    "https://deno.land/std@0.127.0/path/_util.ts": "c1e9686d0164e29f7d880b2158971d805b6e0efc3110d0b3e24e4b8af2190d2b",
    "https://deno.land/std@0.127.0/path/common.ts": "bee563630abd2d97f99d83c96c2fa0cca7cee103e8cb4e7699ec4d5db7bd2633",
    "https://deno.land/std@0.127.0/path/glob.ts": "cb5255638de1048973c3e69e420c77dc04f75755524cb3b2e160fe9277d939ee",
    "https://deno.land/std@0.127.0/path/mod.ts": "4275129bb766f0e475ecc5246aa35689eeade419d72a48355203f31802640be7",
    "https://deno.land/std@0.127.0/path/posix.ts": "663e4a6fe30a145f56aa41a22d95114c4c5582d8b57d2d7c9ed27ad2c47636bb",
    "https://deno.land/std@0.127.0/path/separator.ts": "fe1816cb765a8068afb3e8f13ad272351c85cbc739af56dacfc7d93d710fe0f9",
    "https://deno.land/std@0.127.0/path/win32.ts": "e7bdf63e8d9982b4d8a01ef5689425c93310ece950e517476e22af10f41a136e",
    "https://deno.land/x/nanoid@v3.0.0/customAlphabet.ts": "1cfd7cfd2f07ca8d78a7e7855fcc9f59abf01ef2a127484ef94328fadf940ead",
    "https://deno.land/x/nanoid@v3.0.0/customRandom.ts": "af56e19038c891a4b4ef2be931554c27579bd407ee5bbea5cb64f6ee1347cbe3",
    "https://deno.land/x/nanoid@v3.0.0/mod.ts": "3ead610e40c58d8fdca21d5da9ec661445a2b82526e19c34d05de5f90be8a1be",
    "https://deno.land/x/nanoid@v3.0.0/nanoid.ts": "8d119bc89a0f34e7bbe0c2dbdc280d01753e431af553d189663492310a31085d",
    "https://deno.land/x/nanoid@v3.0.0/random.ts": "4da71d5f72f2bfcc6a4ee79b5d4e72f48dcf4fe4c3835fd5ebab08b9f33cd598",
    "https://deno.land/x/nanoid@v3.0.0/urlAlphabet.ts": "8b1511deb1ecb23c66202b6000dc10fb68f9a96b5550c6c8cef5009324793431",
    "https://deno.land/x/sqlite@v3.7.0/build/sqlite.d.ts": "12908ced1670f96d5dc39aebb0d659630136fa6523881e4712cfb20b122dd324",
    "https://deno.land/x/sqlite@v3.7.0/build/sqlite.js": "cc55fef9cd124b2acb624899a5fad413834f4701bcfc21ac275844b822466292",
    "https://deno.land/x/sqlite@v3.7.0/build/vfs.js": "08533cc78fb29b9d9bd62f6bb93e5ef333407013fed185776808f11223ba0e70",
    "https://deno.land/x/sqlite@v3.7.0/mod.ts": "e09fc79d8065fe222578114b109b1fd60077bff1bb75448532077f784f4d6a83",
    "https://deno.land/x/sqlite@v3.7.0/src/constants.ts": "90f3be047ec0a89bcb5d6fc30db121685fc82cb00b1c476124ff47a4b0472aa9",
    "https://deno.land/x/sqlite@v3.7.0/src/db.ts": "87e3d222d00dd2e2827816a47976c6359996ab39e69c7f87855ea414585839c6",
    "https://deno.land/x/sqlite@v3.7.0/src/error.ts": "f7a15cb00d7c3797da1aefee3cf86d23e0ae92e73f0ba3165496c3816ab9503a",
    "https://deno.land/x/sqlite@v3.7.0/src/function.ts": "e4c83b8ec64bf88bafad2407376b0c6a3b54e777593c70336fb40d43a79865f2",
    "https://deno.land/x/sqlite@v3.7.0/src/query.ts": "69895232360b4254a8834e3bbea30bc3752cf691dba862f4a393e7a41a2e30eb",
    "https://deno.land/x/sqlite@v3.7.0/src/wasm.ts": "e79d0baa6e42423257fb3c7cc98091c54399254867e0f34a09b5bdef37bd9487",
    "https://deno.land/x/sqlite@v3.7.1/build/sqlite.d.ts": "d724a21a588a0e19ae46a3476349fe5d75e896735e7362ea8cf997ffad35d0f9",
    "https://deno.land/x/sqlite@v3.7.1/build/sqlite.js": "c59f109f100c2bae0b9342f04e0d400583e2e3211d08bb71095177a4109ee5bf",
    "https://deno.land/x/sqlite@v3.7.1/build/vfs.js": "08533cc78fb29b9d9bd62f6bb93e5ef333407013fed185776808f11223ba0e70",
    "https://deno.land/x/sqlite@v3.7.1/mod.ts": "e09fc79d8065fe222578114b109b1fd60077bff1bb75448532077f784f4d6a83",
    "https://deno.land/x/sqlite@v3.7.1/src/constants.ts": "90f3be047ec0a89bcb5d6fc30db121685fc82cb00b1c476124ff47a4b0472aa9",
    "https://deno.land/x/sqlite@v3.7.1/src/db.ts": "59c6c2b5c4127132558bb8c610eadd811822f1a5d7f9c509704179ca192f94e0",
    "https://deno.land/x/sqlite@v3.7.1/src/error.ts": "f7a15cb00d7c3797da1aefee3cf86d23e0ae92e73f0ba3165496c3816ab9503a",
    "https://deno.land/x/sqlite@v3.7.1/src/function.ts": "e4c83b8ec64bf88bafad2407376b0c6a3b54e777593c70336fb40d43a79865f2",
    "https://deno.land/x/sqlite@v3.7.1/src/query.ts": "d58abda928f6582d77bad685ecf551b1be8a15e8e38403e293ec38522e030cad",
    "https://deno.land/x/sqlite@v3.7.1/src/wasm.ts": "e79d0baa6e42423257fb3c7cc98091c54399254867e0f34a09b5bdef37bd9487",
    "https://deno.land/x/sqlite@v3.7.2/build/sqlite.d.ts": "d724a21a588a0e19ae46a3476349fe5d75e896735e7362ea8cf997ffad35d0f9",
    "https://deno.land/x/sqlite@v3.7.2/build/sqlite.js": "c59f109f100c2bae0b9342f04e0d400583e2e3211d08bb71095177a4109ee5bf",
    "https://deno.land/x/sqlite@v3.7.2/build/vfs.js": "08533cc78fb29b9d9bd62f6bb93e5ef333407013fed185776808f11223ba0e70",
    "https://deno.land/x/sqlite@v3.7.2/mod.ts": "e09fc79d8065fe222578114b109b1fd60077bff1bb75448532077f784f4d6a83",
    "https://deno.land/x/sqlite@v3.7.2/src/constants.ts": "90f3be047ec0a89bcb5d6fc30db121685fc82cb00b1c476124ff47a4b0472aa9",
    "https://deno.land/x/sqlite@v3.7.2/src/db.ts": "62f3ad4d593c07e7c64fbbd97da6b4579ea695f8d11d52d899661e9d42a400fd",
    "https://deno.land/x/sqlite@v3.7.2/src/error.ts": "f7a15cb00d7c3797da1aefee3cf86d23e0ae92e73f0ba3165496c3816ab9503a",
    "https://deno.land/x/sqlite@v3.7.2/src/function.ts": "e4c83b8ec64bf88bafad2407376b0c6a3b54e777593c70336fb40d43a79865f2",
    "https://deno.land/x/sqlite@v3.7.2/src/query.ts": "d58abda928f6582d77bad685ecf551b1be8a15e8e38403e293ec38522e030cad",
    "https://deno.land/x/sqlite@v3.7.2/src/wasm.ts": "e79d0baa6e42423257fb3c7cc98091c54399254867e0f34a09b5bdef37bd9487",
    "https://deno.land/x/sqlite@v3.7.3/build/sqlite.js": "453b535fabf1979ac42f69ccd7ca75b40c317320ba95c0a92c09f52d6b618d75",
    "https://deno.land/x/sqlite@v3.7.3/build/vfs.js": "08533cc78fb29b9d9bd62f6bb93e5ef333407013fed185776808f11223ba0e70",
    "https://deno.land/x/sqlite@v3.7.3/mod.ts": "e09fc79d8065fe222578114b109b1fd60077bff1bb75448532077f784f4d6a83",
    "https://deno.land/x/sqlite@v3.7.3/src/constants.ts": "90f3be047ec0a89bcb5d6fc30db121685fc82cb00b1c476124ff47a4b0472aa9",
    "https://deno.land/x/sqlite@v3.7.3/src/db.ts": "62f3ad4d593c07e7c64fbbd97da6b4579ea695f8d11d52d899661e9d42a400fd",
    "https://deno.land/x/sqlite@v3.7.3/src/error.ts": "f7a15cb00d7c3797da1aefee3cf86d23e0ae92e73f0ba3165496c3816ab9503a",
    "https://deno.land/x/sqlite@v3.7.3/src/function.ts": "e4c83b8ec64bf88bafad2407376b0c6a3b54e777593c70336fb40d43a79865f2",
    "https://deno.land/x/sqlite@v3.7.3/src/query.ts": "d58abda928f6582d77bad685ecf551b1be8a15e8e38403e293ec38522e030cad",
    "https://deno.land/x/sqlite@v3.7.3/src/wasm.ts": "e79d0baa6e42423257fb3c7cc98091c54399254867e0f34a09b5bdef37bd9487"
  },
  "npm": {
    "specifiers": {
      "@paperdave/logger@^2.2.3": "@paperdave/logger@2.3.0",
      "better-sqlite3@^8.0.1": "better-sqlite3@8.1.0",
      "bun-types@^0.1.8": "bun-types@0.1.11",
      "bun-utilities@^0.2.1": "bun-utilities@0.2.1",
      "markdown-table@^3.0.2": "markdown-table@3.0.3",
      "nanoid@^4.0.0": "nanoid@4.0.1",
      "node-gyp@^9.3.0": "node-gyp@9.3.1"
    },
    "packages": {
      "@gar/promisify@1.1.3": {
        "integrity": "sha512-k2Ty1JcVojjJFwrg/ThKi2ujJ7XNLYaFGNB/bWT9wGR+oSMJHMa5w+CUq6p/pVrKeNNgA7pCqEcjSnHVoqJQFw==",
        "dependencies": {}
      },
      "@npmcli/fs@2.1.2": {
        "integrity": "sha512-yOJKRvohFOaLqipNtwYB9WugyZKhC/DZC4VYPmpaCzDBrA8YpK3qHZ8/HGscMnE4GqbkLNuVcCnxkeQEdGt6LQ==",
        "dependencies": {
          "@gar/promisify": "@gar/promisify@1.1.3",
          "semver": "semver@7.3.8"
        }
      },
      "@npmcli/move-file@2.0.1": {
        "integrity": "sha512-mJd2Z5TjYWq/ttPLLGqArdtnC74J6bOzg4rMDnN+p1xTacZ2yPRCk2y0oSWQtygLR9YVQXgOcONrwtnk3JupxQ==",
        "dependencies": {
          "mkdirp": "mkdirp@1.0.4",
          "rimraf": "rimraf@3.0.2"
        }
      },
      "@paperdave/logger@2.3.0": {
        "integrity": "sha512-KXasgc/kbYn4GkbMS0TL8MZTSV3/tQECGGW/dsaP6qaJWZ9ND4Sz/OvzbW3liRZN7JPFaoGapsSKDa4B8k5lWA==",
        "dependencies": {
          "@paperdave/utils": "@paperdave/utils@1.6.1",
          "ansi-escapes": "ansi-escapes@6.0.0",
          "chalk": "chalk@5.2.0",
          "strip-ansi": "strip-ansi@7.0.1"
        }
      },
      "@paperdave/utils@1.6.1": {
        "integrity": "sha512-LA9itR/tlnqztz3Scz/fFpQOaQMBrCylEoC5yM2cweUnvxRypCAOkB9TR9EcTI8sx7TlhpzFOFGCzTL5FnWBtQ==",
        "dependencies": {
          "utility-types": "utility-types@3.10.0",
          "yaml": "yaml@2.2.1"
        }
      },
      "@tootallnate/once@2.0.0": {
        "integrity": "sha512-XCuKFP5PS55gnMVu3dty8KPatLqUoy/ZYzDzAGCQ8JNFCkLXzmI7vNHCR+XpbZaMWQK/vQubr7PkYq8g470J/A==",
        "dependencies": {}
      },
      "abbrev@1.1.1": {
        "integrity": "sha512-nne9/IiQ/hzIhY6pdDnbBtz7DjPTKrY00P/zvPSm5pOFkl6xuGrGnXn/VtTNNfNtAfZ9/1RtehkszU9qcTii0Q==",
        "dependencies": {}
      },
      "agent-base@6.0.2": {
        "integrity": "sha512-RZNwNclF7+MS/8bDg70amg32dyeZGZxiDuQmZxKLAlQjr3jGyLx+4Kkk58UO7D2QdgFIQCovuSuZESne6RG6XQ==",
        "dependencies": {
          "debug": "debug@4.3.4"
        }
      },
      "agentkeepalive@4.2.1": {
        "integrity": "sha512-Zn4cw2NEqd+9fiSVWMscnjyQ1a8Yfoc5oBajLeo5w+YBHgDUcEBY2hS4YpTz6iN5f/2zQiktcuM6tS8x1p9dpA==",
        "dependencies": {
          "debug": "debug@4.3.4",
          "depd": "depd@1.1.2",
          "humanize-ms": "humanize-ms@1.2.1"
        }
      },
      "aggregate-error@3.1.0": {
        "integrity": "sha512-4I7Td01quW/RpocfNayFdFVk1qSuoh0E7JrbRJ16nH01HhKFQ88INq9Sd+nd72zqRySlr9BmDA8xlEJ6vJMrYA==",
        "dependencies": {
          "clean-stack": "clean-stack@2.2.0",
          "indent-string": "indent-string@4.0.0"
        }
      },
      "ansi-escapes@6.0.0": {
        "integrity": "sha512-IG23inYII3dWlU2EyiAiGj6Bwal5GzsgPMwjYGvc1HPE2dgbj4ZB5ToWBKSquKw74nB3TIuOwaI6/jSULzfgrw==",
        "dependencies": {
          "type-fest": "type-fest@3.6.0"
        }
      },
      "ansi-regex@5.0.1": {
        "integrity": "sha512-quJQXlTSUGL2LH9SUXo8VwsY4soanhgo6LNSm84E1LBcE8s3O0wpdiRzyR9z/ZZJMlMWv37qOOb9pdJlMUEKFQ==",
        "dependencies": {}
      },
      "ansi-regex@6.0.1": {
        "integrity": "sha512-n5M855fKb2SsfMIiFFoVrABHJC8QtHwVx+mHWP3QcEqBHYienj5dHSgjbxtC0WEZXYt4wcD6zrQElDPhFuZgfA==",
        "dependencies": {}
      },
      "aproba@2.0.0": {
        "integrity": "sha512-lYe4Gx7QT+MKGbDsA+Z+he/Wtef0BiwDOlK/XkBrdfsh9J/jPPXbX0tE9x9cl27Tmu5gg3QUbUrQYa/y+KOHPQ==",
        "dependencies": {}
      },
      "are-we-there-yet@3.0.1": {
        "integrity": "sha512-QZW4EDmGwlYur0Yyf/b2uGucHQMa8aFUP7eu9ddR73vvhFyt4V0Vl3QHPcTNJ8l6qYOBdxgXdnBXQrHilfRQBg==",
        "dependencies": {
          "delegates": "delegates@1.0.0",
          "readable-stream": "readable-stream@3.6.1"
        }
      },
      "balanced-match@1.0.2": {
        "integrity": "sha512-3oSeUO0TMV67hN1AmbXsK4yaqU7tjiHlbxRDZOpH0KW9+CeX4bRAaX0Anxt0tx2MrpRpWwQaPwIlISEJhYU5Pw==",
        "dependencies": {}
      },
      "base64-js@1.5.1": {
        "integrity": "sha512-AKpaYlHn8t4SVbOHCy+b5+KKgvR4vrsD8vbvrbiQJps7fKDTkjkDry6ji0rUJjC0kzbNePLwzxq8iypo41qeWA==",
        "dependencies": {}
      },
      "better-sqlite3@8.1.0": {
        "integrity": "sha512-p1m09H+Oi8R9TPj810pdNswMFuVgRNgCJEWypp6jlkOgSwMIrNyuj3hW78xEuBRGok5RzeaUW8aBtTWF3l/TQA==",
        "dependencies": {
          "bindings": "bindings@1.5.0",
          "prebuild-install": "prebuild-install@7.1.1"
        }
      },
      "bindings@1.5.0": {
        "integrity": "sha512-p2q/t/mhvuOj/UeLlV6566GD/guowlr0hHxClI0W9m7MWYkL1F0hLo+0Aexs9HSPCtR1SXQ0TD3MMKrXZajbiQ==",
        "dependencies": {
          "file-uri-to-path": "file-uri-to-path@1.0.0"
        }
      },
      "bl@4.1.0": {
        "integrity": "sha512-1W07cM9gS6DcLperZfFSj+bWLtaPGSOHWhPiGzXmvVJbRLdG82sH/Kn8EtW1VqWVA54AKf2h5k5BbnIbwF3h6w==",
        "dependencies": {
          "buffer": "buffer@5.7.1",
          "inherits": "inherits@2.0.4",
          "readable-stream": "readable-stream@3.6.1"
        }
      },
      "brace-expansion@1.1.11": {
        "integrity": "sha512-iCuPHDFgrHX7H2vEI/5xpz07zSHB00TpugqhmYtVmMO6518mCuRMoOYFldEBl0g187ufozdaHgWKcYFb61qGiA==",
        "dependencies": {
          "balanced-match": "balanced-match@1.0.2",
          "concat-map": "concat-map@0.0.1"
        }
      },
      "brace-expansion@2.0.1": {
        "integrity": "sha512-XnAIvQ8eM+kC6aULx6wuQiwVsnzsi9d3WxzV3FpWTGA19F621kwdbsAcFKXgKUHZWsy+mY6iL1sHTxWEFCytDA==",
        "dependencies": {
          "balanced-match": "balanced-match@1.0.2"
        }
      },
      "buffer@5.7.1": {
        "integrity": "sha512-EHcyIPBQ4BSGlvjB16k5KgAJ27CIsHY/2JBmCRReo48y9rQ3MaUzWX3KVlBa4U7MyX02HdVj0K7C3WaB3ju7FQ==",
        "dependencies": {
          "base64-js": "base64-js@1.5.1",
          "ieee754": "ieee754@1.2.1"
        }
      },
      "bun-types@0.1.11": {
        "integrity": "sha512-a5G9LZtF5qBsDMjGnS5FfTvIeg1bS0PzI3Q2LqShEjJWdhZTB56xO8ewqZ83J+3my5rW/PPPWT/udAofRQ3zdg==",
        "dependencies": {}
      },
      "bun-utilities@0.2.1": {
        "integrity": "sha512-2e4rMaA50zfUqvc3+Cu8I88nCzvF6WsOnxz4iZSSSQt/pBGgpiwgFCx2y5/s69C9iaCVfyrM6kHxYOgvVx1e8Q==",
        "dependencies": {}
      },
      "cacache@16.1.3": {
        "integrity": "sha512-/+Emcj9DAXxX4cwlLmRI9c166RuL3w30zp4R7Joiv2cQTtTtA+jeuCAjH3ZlGnYS3tKENSrKhAzVVP9GVyzeYQ==",
        "dependencies": {
          "@npmcli/fs": "@npmcli/fs@2.1.2",
          "@npmcli/move-file": "@npmcli/move-file@2.0.1",
          "chownr": "chownr@2.0.0",
          "fs-minipass": "fs-minipass@2.1.0",
          "glob": "glob@8.1.0",
          "infer-owner": "infer-owner@1.0.4",
          "lru-cache": "lru-cache@7.17.0",
          "minipass": "minipass@3.3.6",
          "minipass-collect": "minipass-collect@1.0.2",
          "minipass-flush": "minipass-flush@1.0.5",
          "minipass-pipeline": "minipass-pipeline@1.2.4",
          "mkdirp": "mkdirp@1.0.4",
          "p-map": "p-map@4.0.0",
          "promise-inflight": "promise-inflight@1.0.1",
          "rimraf": "rimraf@3.0.2",
          "ssri": "ssri@9.0.1",
          "tar": "tar@6.1.13",
          "unique-filename": "unique-filename@2.0.1"
        }
      },
      "chalk@5.2.0": {
        "integrity": "sha512-ree3Gqw/nazQAPuJJEy+avdl7QfZMcUvmHIKgEZkGL+xOBzRvup5Hxo6LHuMceSxOabuJLJm5Yp/92R9eMmMvA==",
        "dependencies": {}
      },
      "chownr@1.1.4": {
        "integrity": "sha512-jJ0bqzaylmJtVnNgzTeSOs8DPavpbYgEr/b0YL8/2GO3xJEhInFmhKMUnEJQjZumK7KXGFhUy89PrsJWlakBVg==",
        "dependencies": {}
      },
      "chownr@2.0.0": {
        "integrity": "sha512-bIomtDF5KGpdogkLd9VspvFzk9KfpyyGlS8YFVZl7TGPBHL5snIOnxeshwVgPteQ9b4Eydl+pVbIyE1DcvCWgQ==",
        "dependencies": {}
      },
      "clean-stack@2.2.0": {
        "integrity": "sha512-4diC9HaTE+KRAMWhDhrGOECgWZxoevMc5TlkObMqNSsVU62PYzXZ/SMTjzyGAFF1YusgxGcSWTEXBhp0CPwQ1A==",
        "dependencies": {}
      },
      "color-support@1.1.3": {
        "integrity": "sha512-qiBjkpbMLO/HL68y+lh4q0/O1MZFj2RX6X/KmMa3+gJD3z+WwI1ZzDHysvqHGS3mP6mznPckpXmw1nI9cJjyRg==",
        "dependencies": {}
      },
      "concat-map@0.0.1": {
        "integrity": "sha512-/Srv4dswyQNBfohGpz9o6Yb3Gz3SrUDqBH5rTuhGR7ahtlbYKnVxw2bCFMRljaA7EXHaXZ8wsHdodFvbkhKmqg==",
        "dependencies": {}
      },
      "console-control-strings@1.1.0": {
        "integrity": "sha512-ty/fTekppD2fIwRvnZAVdeOiGd1c7YXEixbgJTNzqcxJWKQnjJ/V1bNEEE6hygpM3WjwHFUVK6HTjWSzV4a8sQ==",
        "dependencies": {}
      },
      "debug@4.3.4": {
        "integrity": "sha512-PRWFHuSU3eDtQJPvnNY7Jcket1j0t5OuOsFzPPzsekD52Zl8qUfFIPEiswXqIvHWGVHOgX+7G/vCNNhehwxfkQ==",
        "dependencies": {
          "ms": "ms@2.1.2"
        }
      },
      "decompress-response@6.0.0": {
        "integrity": "sha512-aW35yZM6Bb/4oJlZncMH2LCoZtJXTRxES17vE3hoRiowU2kWHaJKFkSBDnDR+cm9J+9QhXmREyIfv0pji9ejCQ==",
        "dependencies": {
          "mimic-response": "mimic-response@3.1.0"
        }
      },
      "deep-extend@0.6.0": {
        "integrity": "sha512-LOHxIOaPYdHlJRtCQfDIVZtfw/ufM8+rVj649RIHzcm/vGwQRXFt6OPqIFWsm2XEMrNIEtWR64sY1LEKD2vAOA==",
        "dependencies": {}
      },
      "delegates@1.0.0": {
        "integrity": "sha512-bd2L678uiWATM6m5Z1VzNCErI3jiGzt6HGY8OVICs40JQq/HALfbyNJmp0UDakEY4pMMaN0Ly5om/B1VI/+xfQ==",
        "dependencies": {}
      },
      "depd@1.1.2": {
        "integrity": "sha512-7emPTl6Dpo6JRXOXjLRxck+FlLRX5847cLKEn00PLAgc3g2hTZZgr+e4c2v6QpSmLeFP3n5yUo7ft6avBK/5jQ==",
        "dependencies": {}
      },
      "detect-libc@2.0.1": {
        "integrity": "sha512-463v3ZeIrcWtdgIg6vI6XUncguvr2TnGl4SzDXinkt9mSLpBJKXT3mW6xT3VQdDN11+WVs29pgvivTc4Lp8v+w==",
        "dependencies": {}
      },
      "emoji-regex@8.0.0": {
        "integrity": "sha512-MSjYzcWNOA0ewAHpz0MxpYFvwg6yjy1NG3xteoqz644VCo/RPgnr1/GGt+ic3iJTzQ8Eu3TdM14SawnVUmGE6A==",
        "dependencies": {}
      },
      "encoding@0.1.13": {
        "integrity": "sha512-ETBauow1T35Y/WZMkio9jiM0Z5xjHHmJ4XmjZOq1l/dXz3lr2sRn87nJy20RupqSh1F2m3HHPSp8ShIPQJrJ3A==",
        "dependencies": {
          "iconv-lite": "iconv-lite@0.6.3"
        }
      },
      "end-of-stream@1.4.4": {
        "integrity": "sha512-+uw1inIHVPQoaVuHzRyXd21icM+cnt4CzD5rW+NC1wjOUSTOs+Te7FOv7AhN7vS9x/oIyhLP5PR1H+phQAHu5Q==",
        "dependencies": {
          "once": "once@1.4.0"
        }
      },
      "env-paths@2.2.1": {
        "integrity": "sha512-+h1lkLKhZMTYjog1VEpJNG7NZJWcuc2DDk/qsqSTRRCOXiLjeQ1d1/udrUGhqMxUgAlwKNZ0cf2uqan5GLuS2A==",
        "dependencies": {}
      },
      "err-code@2.0.3": {
        "integrity": "sha512-2bmlRpNKBxT/CRmPOlyISQpNj+qSeYvcym/uT0Jx2bMOlKLtSy1ZmLuVxSEKKyor/N5yhvp/ZiG1oE3DEYMSFA==",
        "dependencies": {}
      },
      "expand-template@2.0.3": {
        "integrity": "sha512-XYfuKMvj4O35f/pOXLObndIRvyQ+/+6AhODh+OKWj9S9498pHHn/IMszH+gt0fBCRWMNfk1ZSp5x3AifmnI2vg==",
        "dependencies": {}
      },
      "file-uri-to-path@1.0.0": {
        "integrity": "sha512-0Zt+s3L7Vf1biwWZ29aARiVYLx7iMGnEUl9x33fbB/j3jR81u/O2LbqK+Bm1CDSNDKVtJ/YjwY7TUd5SkeLQLw==",
        "dependencies": {}
      },
      "fs-constants@1.0.0": {
        "integrity": "sha512-y6OAwoSIf7FyjMIv94u+b5rdheZEjzR63GTyZJm5qh4Bi+2YgwLCcI/fPFZkL5PSixOt6ZNKm+w+Hfp/Bciwow==",
        "dependencies": {}
      },
      "fs-minipass@2.1.0": {
        "integrity": "sha512-V/JgOLFCS+R6Vcq0slCuaeWEdNC3ouDlJMNIsacH2VtALiu9mV4LPrHc5cDl8k5aw6J8jwgWWpiTo5RYhmIzvg==",
        "dependencies": {
          "minipass": "minipass@3.3.6"
        }
      },
      "fs.realpath@1.0.0": {
        "integrity": "sha512-OO0pH2lK6a0hZnAdau5ItzHPI6pUlvI7jMVnxUQRtw4owF2wk8lOSabtGDCTP4Ggrg2MbGnWO9X8K1t4+fGMDw==",
        "dependencies": {}
      },
      "gauge@4.0.4": {
        "integrity": "sha512-f9m+BEN5jkg6a0fZjleidjN51VE1X+mPFQ2DJ0uv1V39oCLCbsGe6yjbBnp7eK7z/+GAon99a3nHuqbuuthyPg==",
        "dependencies": {
          "aproba": "aproba@2.0.0",
          "color-support": "color-support@1.1.3",
          "console-control-strings": "console-control-strings@1.1.0",
          "has-unicode": "has-unicode@2.0.1",
          "signal-exit": "signal-exit@3.0.7",
          "string-width": "string-width@4.2.3",
          "strip-ansi": "strip-ansi@6.0.1",
          "wide-align": "wide-align@1.1.5"
        }
      },
      "github-from-package@0.0.0": {
        "integrity": "sha512-SyHy3T1v2NUXn29OsWdxmK6RwHD+vkj3v8en8AOBZ1wBQ/hCAQ5bAQTD02kW4W9tUp/3Qh6J8r9EvntiyCmOOw==",
        "dependencies": {}
      },
      "glob@7.2.3": {
        "integrity": "sha512-nFR0zLpU2YCaRxwoCJvL6UvCH2JFyFVIvwTLsIf21AuHlMskA1hhTdk+LlYJtOlYt9v6dvszD2BGRqBL+iQK9Q==",
        "dependencies": {
          "fs.realpath": "fs.realpath@1.0.0",
          "inflight": "inflight@1.0.6",
          "inherits": "inherits@2.0.4",
          "minimatch": "minimatch@3.1.2",
          "once": "once@1.4.0",
          "path-is-absolute": "path-is-absolute@1.0.1"
        }
      },
      "glob@8.1.0": {
        "integrity": "sha512-r8hpEjiQEYlF2QU0df3dS+nxxSIreXQS1qRhMJM0Q5NDdR386C7jb7Hwwod8Fgiuex+k0GFjgft18yvxm5XoCQ==",
        "dependencies": {
          "fs.realpath": "fs.realpath@1.0.0",
          "inflight": "inflight@1.0.6",
          "inherits": "inherits@2.0.4",
          "minimatch": "minimatch@5.1.6",
          "once": "once@1.4.0"
        }
      },
      "graceful-fs@4.2.10": {
        "integrity": "sha512-9ByhssR2fPVsNZj478qUUbKfmL0+t5BDVyjShtyZZLiK7ZDAArFFfopyOTj0M05wE2tJPisA4iTnnXl2YoPvOA==",
        "dependencies": {}
      },
      "has-unicode@2.0.1": {
        "integrity": "sha512-8Rf9Y83NBReMnx0gFzA8JImQACstCYWUplepDa9xprwwtmgEZUF0h/i5xSA625zB/I37EtrswSST6OXxwaaIJQ==",
        "dependencies": {}
      },
      "http-cache-semantics@4.1.1": {
        "integrity": "sha512-er295DKPVsV82j5kw1Gjt+ADA/XYHsajl82cGNQG2eyoPkvgUhX+nDIyelzhIWbbsXP39EHcI6l5tYs2FYqYXQ==",
        "dependencies": {}
      },
      "http-proxy-agent@5.0.0": {
        "integrity": "sha512-n2hY8YdoRE1i7r6M0w9DIw5GgZN0G25P8zLCRQ8rjXtTU3vsNFBI/vWK/UIeE6g5MUUz6avwAPXmL6Fy9D/90w==",
        "dependencies": {
          "@tootallnate/once": "@tootallnate/once@2.0.0",
          "agent-base": "agent-base@6.0.2",
          "debug": "debug@4.3.4"
        }
      },
      "https-proxy-agent@5.0.1": {
        "integrity": "sha512-dFcAjpTQFgoLMzC2VwU+C/CbS7uRL0lWmxDITmqm7C+7F0Odmj6s9l6alZc6AELXhrnggM2CeWSXHGOdX2YtwA==",
        "dependencies": {
          "agent-base": "agent-base@6.0.2",
          "debug": "debug@4.3.4"
        }
      },
      "humanize-ms@1.2.1": {
        "integrity": "sha512-Fl70vYtsAFb/C06PTS9dZBo7ihau+Tu/DNCk/OyHhea07S+aeMWpFFkUaXRa8fI+ScZbEI8dfSxwY7gxZ9SAVQ==",
        "dependencies": {
          "ms": "ms@2.1.2"
        }
      },
      "iconv-lite@0.6.3": {
        "integrity": "sha512-4fCk79wshMdzMp2rH06qWrJE4iolqLhCUH+OiuIgU++RB0+94NlDL81atO7GX55uUKueo0txHNtvEyI6D7WdMw==",
        "dependencies": {
          "safer-buffer": "safer-buffer@2.1.2"
        }
      },
      "ieee754@1.2.1": {
        "integrity": "sha512-dcyqhDvX1C46lXZcVqCpK+FtMRQVdIMN6/Df5js2zouUsqG7I6sFxitIC+7KYK29KdXOLHdu9zL4sFnoVQnqaA==",
        "dependencies": {}
      },
      "imurmurhash@0.1.4": {
        "integrity": "sha512-JmXMZ6wuvDmLiHEml9ykzqO6lwFbof0GG4IkcGaENdCRDDmMVnny7s5HsIgHCbaq0w2MyPhDqkhTUgS2LU2PHA==",
        "dependencies": {}
      },
      "indent-string@4.0.0": {
        "integrity": "sha512-EdDDZu4A2OyIK7Lr/2zG+w5jmbuk1DVBnEwREQvBzspBJkCEbRa8GxU1lghYcaGJCnRWibjDXlq779X1/y5xwg==",
        "dependencies": {}
      },
      "infer-owner@1.0.4": {
        "integrity": "sha512-IClj+Xz94+d7irH5qRyfJonOdfTzuDaifE6ZPWfx0N0+/ATZCbuTPq2prFl526urkQd90WyUKIh1DfBQ2hMz9A==",
        "dependencies": {}
      },
      "inflight@1.0.6": {
        "integrity": "sha512-k92I/b08q4wvFscXCLvqfsHCrjrF7yiXsQuIVvVE7N82W3+aqpzuUdBbfhWcy/FZR3/4IgflMgKLOsvPDrGCJA==",
        "dependencies": {
          "once": "once@1.4.0",
          "wrappy": "wrappy@1.0.2"
        }
      },
      "inherits@2.0.4": {
        "integrity": "sha512-k/vGaX4/Yla3WzyMCvTQOXYeIHvqOKtnqBduzTHpzpQZzAskKMhZ2K+EnBiSM9zGSoIFeMpXKxa4dYeZIQqewQ==",
        "dependencies": {}
      },
      "ini@1.3.8": {
        "integrity": "sha512-JV/yugV2uzW5iMRSiZAyDtQd+nxtUnjeLt0acNdw98kKLrvuRVyB80tsREOE7yvGVgalhZ6RNXCmEHkUKBKxew==",
        "dependencies": {}
      },
      "ip@2.0.0": {
        "integrity": "sha512-WKa+XuLG1A1R0UWhl2+1XQSi+fZWMsYKffMZTTYsiZaUD8k2yDAj5atimTUD2TZkyCkNEeYE5NhFZmupOGtjYQ==",
        "dependencies": {}
      },
      "is-fullwidth-code-point@3.0.0": {
        "integrity": "sha512-zymm5+u+sCsSWyD9qNaejV3DFvhCKclKdizYaJUuHA83RLjb7nSuGnddCHGv0hk+KY7BMAlsWeK4Ueg6EV6XQg==",
        "dependencies": {}
      },
      "is-lambda@1.0.1": {
        "integrity": "sha512-z7CMFGNrENq5iFB9Bqo64Xk6Y9sg+epq1myIcdHaGnbMTYOxvzsEtdYqQUylB7LxfkvgrrjP32T6Ywciio9UIQ==",
        "dependencies": {}
      },
      "isexe@2.0.0": {
        "integrity": "sha512-RHxMLp9lnKHGHRng9QFhRCMbYAcVpn69smSGcq3f36xjgVVWThj4qqLbTLlq7Ssj8B+fIQ1EuCEGI2lKsyQeIw==",
        "dependencies": {}
      },
      "lru-cache@6.0.0": {
        "integrity": "sha512-Jo6dJ04CmSjuznwJSS3pUeWmd/H0ffTlkXXgwZi+eq1UCmqQwCh+eLsYOYCwY991i2Fah4h1BEMCx4qThGbsiA==",
        "dependencies": {
          "yallist": "yallist@4.0.0"
        }
      },
      "lru-cache@7.17.0": {
        "integrity": "sha512-zSxlVVwOabhVyTi6E8gYv2cr6bXK+8ifYz5/uyJb9feXX6NACVDwY4p5Ut3WC3Ivo/QhpARHU3iujx2xGAYHbQ==",
        "dependencies": {}
      },
      "make-fetch-happen@10.2.1": {
        "integrity": "sha512-NgOPbRiaQM10DYXvN3/hhGVI2M5MtITFryzBGxHM5p4wnFxsVCbxkrBrDsk+EZ5OB4jEOT7AjDxtdF+KVEFT7w==",
        "dependencies": {
          "agentkeepalive": "agentkeepalive@4.2.1",
          "cacache": "cacache@16.1.3",
          "http-cache-semantics": "http-cache-semantics@4.1.1",
          "http-proxy-agent": "http-proxy-agent@5.0.0",
          "https-proxy-agent": "https-proxy-agent@5.0.1",
          "is-lambda": "is-lambda@1.0.1",
          "lru-cache": "lru-cache@7.17.0",
          "minipass": "minipass@3.3.6",
          "minipass-collect": "minipass-collect@1.0.2",
          "minipass-fetch": "minipass-fetch@2.1.2",
          "minipass-flush": "minipass-flush@1.0.5",
          "minipass-pipeline": "minipass-pipeline@1.2.4",
          "negotiator": "negotiator@0.6.3",
          "promise-retry": "promise-retry@2.0.1",
          "socks-proxy-agent": "socks-proxy-agent@7.0.0",
          "ssri": "ssri@9.0.1"
        }
      },
      "markdown-table@3.0.3": {
        "integrity": "sha512-Z1NL3Tb1M9wH4XESsCDEksWoKTdlUafKc4pt0GRwjUyXaCFZ+dc3g2erqB6zm3szA2IUSi7VnPI+o/9jnxh9hw==",
        "dependencies": {}
      },
      "mimic-response@3.1.0": {
        "integrity": "sha512-z0yWI+4FDrrweS8Zmt4Ej5HdJmky15+L2e6Wgn3+iK5fWzb6T3fhNFq2+MeTRb064c6Wr4N/wv0DzQTjNzHNGQ==",
        "dependencies": {}
      },
      "minimatch@3.1.2": {
        "integrity": "sha512-J7p63hRiAjw1NDEww1W7i37+ByIrOWO5XQQAzZ3VOcL0PNybwpfmV/N05zFAzwQ9USyEcX6t3UO+K5aqBQOIHw==",
        "dependencies": {
          "brace-expansion": "brace-expansion@1.1.11"
        }
      },
      "minimatch@5.1.6": {
        "integrity": "sha512-lKwV/1brpG6mBUFHtb7NUmtABCb2WZZmm2wNiOA5hAb8VdCS4B3dtMWyvcoViccwAW/COERjXLt0zP1zXUN26g==",
        "dependencies": {
          "brace-expansion": "brace-expansion@2.0.1"
        }
      },
      "minimist@1.2.8": {
        "integrity": "sha512-2yyAR8qBkN3YuheJanUpWC5U3bb5osDywNB8RzDVlDwDHbocAJveqqj1u8+SVD7jkWT4yvsHCpWqqWqAxb0zCA==",
        "dependencies": {}
      },
      "minipass-collect@1.0.2": {
        "integrity": "sha512-6T6lH0H8OG9kITm/Jm6tdooIbogG9e0tLgpY6mphXSm/A9u8Nq1ryBG+Qspiub9LjWlBPsPS3tWQ/Botq4FdxA==",
        "dependencies": {
          "minipass": "minipass@3.3.6"
        }
      },
      "minipass-fetch@2.1.2": {
        "integrity": "sha512-LT49Zi2/WMROHYoqGgdlQIZh8mLPZmOrN2NdJjMXxYe4nkN6FUyuPuOAOedNJDrx0IRGg9+4guZewtp8hE6TxA==",
        "dependencies": {
          "encoding": "encoding@0.1.13",
          "minipass": "minipass@3.3.6",
          "minipass-sized": "minipass-sized@1.0.3",
          "minizlib": "minizlib@2.1.2"
        }
      },
      "minipass-flush@1.0.5": {
        "integrity": "sha512-JmQSYYpPUqX5Jyn1mXaRwOda1uQ8HP5KAT/oDSLCzt1BYRhQU0/hDtsB1ufZfEEzMZ9aAVmsBw8+FWsIXlClWw==",
        "dependencies": {
          "minipass": "minipass@3.3.6"
        }
      },
      "minipass-pipeline@1.2.4": {
        "integrity": "sha512-xuIq7cIOt09RPRJ19gdi4b+RiNvDFYe5JH+ggNvBqGqpQXcru3PcRmOZuHBKWK1Txf9+cQ+HMVN4d6z46LZP7A==",
        "dependencies": {
          "minipass": "minipass@3.3.6"
        }
      },
      "minipass-sized@1.0.3": {
        "integrity": "sha512-MbkQQ2CTiBMlA2Dm/5cY+9SWFEN8pzzOXi6rlM5Xxq0Yqbda5ZQy9sU75a673FE9ZK0Zsbr6Y5iP6u9nktfg2g==",
        "dependencies": {
          "minipass": "minipass@3.3.6"
        }
      },
      "minipass@3.3.6": {
        "integrity": "sha512-DxiNidxSEK+tHG6zOIklvNOwm3hvCrbUrdtzY74U6HKTJxvIDfOUL5W5P2Ghd3DTkhhKPYGqeNUIh5qcM4YBfw==",
        "dependencies": {
          "yallist": "yallist@4.0.0"
        }
      },
      "minipass@4.2.0": {
        "integrity": "sha512-ExlilAIS7zJ2EWUMaVXi14H+FnZ18kr17kFkGemMqBx6jW0m8P6XfqwYVPEG53ENlgsED+alVP9ZxC3JzkK23Q==",
        "dependencies": {}
      },
      "minizlib@2.1.2": {
        "integrity": "sha512-bAxsR8BVfj60DWXHE3u30oHzfl4G7khkSuPW+qvpd7jFRHm7dLxOjUk1EHACJ/hxLY8phGJ0YhYHZo7jil7Qdg==",
        "dependencies": {
          "minipass": "minipass@3.3.6",
          "yallist": "yallist@4.0.0"
        }
      },
      "mkdirp-classic@0.5.3": {
        "integrity": "sha512-gKLcREMhtuZRwRAfqP3RFW+TK4JqApVBtOIftVgjuABpAtpxhPGaDcfvbhNvD0B8iD1oUr/txX35NjcaY6Ns/A==",
        "dependencies": {}
      },
      "mkdirp@1.0.4": {
        "integrity": "sha512-vVqVZQyf3WLx2Shd0qJ9xuvqgAyKPLAiqITEtqW0oIUjzo3PePDd6fW9iFz30ef7Ysp/oiWqbhszeGWW2T6Gzw==",
        "dependencies": {}
      },
      "ms@2.1.2": {
        "integrity": "sha512-sGkPx+VjMtmA6MX27oA4FBFELFCZZ4S4XqeGOXCv68tT+jb3vk/RyaKWP0PTKyWtmLSM0b+adUTEvbs1PEaH2w==",
        "dependencies": {}
      },
      "nanoid@4.0.1": {
        "integrity": "sha512-udKGtCCUafD3nQtJg9wBhRP3KMbPglUsgV5JVsXhvyBs/oefqb4sqMEhKBBgqZncYowu58p1prsZQBYvAj/Gww==",
        "dependencies": {}
      },
      "napi-build-utils@1.0.2": {
        "integrity": "sha512-ONmRUqK7zj7DWX0D9ADe03wbwOBZxNAfF20PlGfCWQcD3+/MakShIHrMqx9YwPTfxDdF1zLeL+RGZiR9kGMLdg==",
        "dependencies": {}
      },
      "negotiator@0.6.3": {
        "integrity": "sha512-+EUsqGPLsM+j/zdChZjsnX51g4XrHFOIXwfnCVPGlQk/k5giakcKsuxCObBRu6DSm9opw/O6slWbJdghQM4bBg==",
        "dependencies": {}
      },
      "node-abi@3.33.0": {
        "integrity": "sha512-7GGVawqyHF4pfd0YFybhv/eM9JwTtPqx0mAanQ146O3FlSh3pA24zf9IRQTOsfTSqXTNzPSP5iagAJ94jjuVog==",
        "dependencies": {
          "semver": "semver@7.3.8"
        }
      },
      "node-gyp@9.3.1": {
        "integrity": "sha512-4Q16ZCqq3g8awk6UplT7AuxQ35XN4R/yf/+wSAwcBUAjg7l58RTactWaP8fIDTi0FzI7YcVLujwExakZlfWkXg==",
        "dependencies": {
          "env-paths": "env-paths@2.2.1",
          "glob": "glob@7.2.3",
          "graceful-fs": "graceful-fs@4.2.10",
          "make-fetch-happen": "make-fetch-happen@10.2.1",
          "nopt": "nopt@6.0.0",
          "npmlog": "npmlog@6.0.2",
          "rimraf": "rimraf@3.0.2",
          "semver": "semver@7.3.8",
          "tar": "tar@6.1.13",
          "which": "which@2.0.2"
        }
      },
      "nopt@6.0.0": {
        "integrity": "sha512-ZwLpbTgdhuZUnZzjd7nb1ZV+4DoiC6/sfiVKok72ym/4Tlf+DFdlHYmT2JPmcNNWV6Pi3SDf1kT+A4r9RTuT9g==",
        "dependencies": {
          "abbrev": "abbrev@1.1.1"
        }
      },
      "npmlog@6.0.2": {
        "integrity": "sha512-/vBvz5Jfr9dT/aFWd0FIRf+T/Q2WBsLENygUaFUqstqsycmZAP/t5BvFJTK0viFmSUxiUKTUplWy5vt+rvKIxg==",
        "dependencies": {
          "are-we-there-yet": "are-we-there-yet@3.0.1",
          "console-control-strings": "console-control-strings@1.1.0",
          "gauge": "gauge@4.0.4",
          "set-blocking": "set-blocking@2.0.0"
        }
      },
      "once@1.4.0": {
        "integrity": "sha512-lNaJgI+2Q5URQBkccEKHTQOPaXdUxnZZElQTZY0MFUAuaEqe1E+Nyvgdz/aIyNi6Z9MzO5dv1H8n58/GELp3+w==",
        "dependencies": {
          "wrappy": "wrappy@1.0.2"
        }
      },
      "p-map@4.0.0": {
        "integrity": "sha512-/bjOqmgETBYB5BoEeGVea8dmvHb2m9GLy1E9W43yeyfP6QQCZGFNa+XRceJEuDB6zqr+gKpIAmlLebMpykw/MQ==",
        "dependencies": {
          "aggregate-error": "aggregate-error@3.1.0"
        }
      },
      "path-is-absolute@1.0.1": {
        "integrity": "sha512-AVbw3UJ2e9bq64vSaS9Am0fje1Pa8pbGqTTsmXfaIiMpnr5DlDhfJOuLj9Sf95ZPVDAUerDfEk88MPmPe7UCQg==",
        "dependencies": {}
      },
      "prebuild-install@7.1.1": {
        "integrity": "sha512-jAXscXWMcCK8GgCoHOfIr0ODh5ai8mj63L2nWrjuAgXE6tDyYGnx4/8o/rCgU+B4JSyZBKbeZqzhtwtC3ovxjw==",
        "dependencies": {
          "detect-libc": "detect-libc@2.0.1",
          "expand-template": "expand-template@2.0.3",
          "github-from-package": "github-from-package@0.0.0",
          "minimist": "minimist@1.2.8",
          "mkdirp-classic": "mkdirp-classic@0.5.3",
          "napi-build-utils": "napi-build-utils@1.0.2",
          "node-abi": "node-abi@3.33.0",
          "pump": "pump@3.0.0",
          "rc": "rc@1.2.8",
          "simple-get": "simple-get@4.0.1",
          "tar-fs": "tar-fs@2.1.1",
          "tunnel-agent": "tunnel-agent@0.6.0"
        }
      },
      "promise-inflight@1.0.1": {
        "integrity": "sha512-6zWPyEOFaQBJYcGMHBKTKJ3u6TBsnMFOIZSa6ce1e/ZrrsOlnHRHbabMjLiBYKp+n44X9eUI6VUPaukCXHuG4g==",
        "dependencies": {}
      },
      "promise-retry@2.0.1": {
        "integrity": "sha512-y+WKFlBR8BGXnsNlIHFGPZmyDf3DFMoLhaflAnyZgV6rG6xu+JwesTo2Q9R6XwYmtmwAFCkAk3e35jEdoeh/3g==",
        "dependencies": {
          "err-code": "err-code@2.0.3",
          "retry": "retry@0.12.0"
        }
      },
      "pump@3.0.0": {
        "integrity": "sha512-LwZy+p3SFs1Pytd/jYct4wpv49HiYCqd9Rlc5ZVdk0V+8Yzv6jR5Blk3TRmPL1ft69TxP0IMZGJ+WPFU2BFhww==",
        "dependencies": {
          "end-of-stream": "end-of-stream@1.4.4",
          "once": "once@1.4.0"
        }
      },
      "rc@1.2.8": {
        "integrity": "sha512-y3bGgqKj3QBdxLbLkomlohkvsA8gdAiUQlSBJnBhfn+BPxg4bc62d8TcBW15wavDfgexCgccckhcZvywyQYPOw==",
        "dependencies": {
          "deep-extend": "deep-extend@0.6.0",
          "ini": "ini@1.3.8",
          "minimist": "minimist@1.2.8",
          "strip-json-comments": "strip-json-comments@2.0.1"
        }
      },
      "readable-stream@3.6.1": {
        "integrity": "sha512-+rQmrWMYGA90yenhTYsLWAsLsqVC8osOw6PKE1HDYiO0gdPeKe/xDHNzIAIn4C91YQ6oenEhfYqqc1883qHbjQ==",
        "dependencies": {
          "inherits": "inherits@2.0.4",
          "string_decoder": "string_decoder@1.3.0",
          "util-deprecate": "util-deprecate@1.0.2"
        }
      },
      "retry@0.12.0": {
        "integrity": "sha512-9LkiTwjUh6rT555DtE9rTX+BKByPfrMzEAtnlEtdEwr3Nkffwiihqe2bWADg+OQRjt9gl6ICdmB/ZFDCGAtSow==",
        "dependencies": {}
      },
      "rimraf@3.0.2": {
        "integrity": "sha512-JZkJMZkAGFFPP2YqXZXPbMlMBgsxzE8ILs4lMIX/2o0L9UBw9O/Y3o6wFw/i9YLapcUJWwqbi3kdxIPdC62TIA==",
        "dependencies": {
          "glob": "glob@7.2.3"
        }
      },
      "safe-buffer@5.2.1": {
        "integrity": "sha512-rp3So07KcdmmKbGvgaNxQSJr7bGVSVk5S9Eq1F+ppbRo70+YeaDxkw5Dd8NPN+GD6bjnYm2VuPuCXmpuYvmCXQ==",
        "dependencies": {}
      },
      "safer-buffer@2.1.2": {
        "integrity": "sha512-YZo3K82SD7Riyi0E1EQPojLz7kpepnSQI9IyPbHHg1XXXevb5dJI7tpyN2ADxGcQbHG7vcyRHk0cbwqcQriUtg==",
        "dependencies": {}
      },
      "semver@7.3.8": {
        "integrity": "sha512-NB1ctGL5rlHrPJtFDVIVzTyQylMLu9N9VICA6HSFJo8MCGVTMW6gfpicwKmmK/dAjTOrqu5l63JJOpDSrAis3A==",
        "dependencies": {
          "lru-cache": "lru-cache@6.0.0"
        }
      },
      "set-blocking@2.0.0": {
        "integrity": "sha512-KiKBS8AnWGEyLzofFfmvKwpdPzqiy16LvQfK3yv/fVH7Bj13/wl3JSR1J+rfgRE9q7xUJK4qvgS8raSOeLUehw==",
        "dependencies": {}
      },
      "signal-exit@3.0.7": {
        "integrity": "sha512-wnD2ZE+l+SPC/uoS0vXeE9L1+0wuaMqKlfz9AMUo38JsyLSBWSFcHR1Rri62LZc12vLr1gb3jl7iwQhgwpAbGQ==",
        "dependencies": {}
      },
      "simple-concat@1.0.1": {
        "integrity": "sha512-cSFtAPtRhljv69IK0hTVZQ+OfE9nePi/rtJmw5UjHeVyVroEqJXP1sFztKUy1qU+xvz3u/sfYJLa947b7nAN2Q==",
        "dependencies": {}
      },
      "simple-get@4.0.1": {
        "integrity": "sha512-brv7p5WgH0jmQJr1ZDDfKDOSeWWg+OVypG99A/5vYGPqJ6pxiaHLy8nxtFjBA7oMa01ebA9gfh1uMCFqOuXxvA==",
        "dependencies": {
          "decompress-response": "decompress-response@6.0.0",
          "once": "once@1.4.0",
          "simple-concat": "simple-concat@1.0.1"
        }
      },
      "smart-buffer@4.2.0": {
        "integrity": "sha512-94hK0Hh8rPqQl2xXc3HsaBoOXKV20MToPkcXvwbISWLEs+64sBq5kFgn2kJDHb1Pry9yrP0dxrCI9RRci7RXKg==",
        "dependencies": {}
      },
      "socks-proxy-agent@7.0.0": {
        "integrity": "sha512-Fgl0YPZ902wEsAyiQ+idGd1A7rSFx/ayC1CQVMw5P+EQx2V0SgpGtf6OKFhVjPflPUl9YMmEOnmfjCdMUsygww==",
        "dependencies": {
          "agent-base": "agent-base@6.0.2",
          "debug": "debug@4.3.4",
          "socks": "socks@2.7.1"
        }
      },
      "socks@2.7.1": {
        "integrity": "sha512-7maUZy1N7uo6+WVEX6psASxtNlKaNVMlGQKkG/63nEDdLOWNbiUMoLK7X4uYoLhQstau72mLgfEWcXcwsaHbYQ==",
        "dependencies": {
          "ip": "ip@2.0.0",
          "smart-buffer": "smart-buffer@4.2.0"
        }
      },
      "ssri@9.0.1": {
        "integrity": "sha512-o57Wcn66jMQvfHG1FlYbWeZWW/dHZhJXjpIcTfXldXEk5nz5lStPo3mK0OJQfGR3RbZUlbISexbljkJzuEj/8Q==",
        "dependencies": {
          "minipass": "minipass@3.3.6"
        }
      },
      "string-width@4.2.3": {
        "integrity": "sha512-wKyQRQpjJ0sIp62ErSZdGsjMJWsap5oRNihHhu6G7JVO/9jIB6UyevL+tXuOqrng8j/cxKTWyWUwvSTriiZz/g==",
        "dependencies": {
          "emoji-regex": "emoji-regex@8.0.0",
          "is-fullwidth-code-point": "is-fullwidth-code-point@3.0.0",
          "strip-ansi": "strip-ansi@6.0.1"
        }
      },
      "string_decoder@1.3.0": {
        "integrity": "sha512-hkRX8U1WjJFd8LsDJ2yQ/wWWxaopEsABU1XfkM8A+j0+85JAGppt16cr1Whg6KIbb4okU6Mql6BOj+uup/wKeA==",
        "dependencies": {
          "safe-buffer": "safe-buffer@5.2.1"
        }
      },
      "strip-ansi@6.0.1": {
        "integrity": "sha512-Y38VPSHcqkFrCpFnQ9vuSXmquuv5oXOKpGeT6aGrr3o3Gc9AlVa6JBfUSOCnbxGGZF+/0ooI7KrPuUSztUdU5A==",
        "dependencies": {
          "ansi-regex": "ansi-regex@5.0.1"
        }
      },
      "strip-ansi@7.0.1": {
        "integrity": "sha512-cXNxvT8dFNRVfhVME3JAe98mkXDYN2O1l7jmcwMnOslDeESg1rF/OZMtK0nRAhiari1unG5cD4jG3rapUAkLbw==",
        "dependencies": {
          "ansi-regex": "ansi-regex@6.0.1"
        }
      },
      "strip-json-comments@2.0.1": {
        "integrity": "sha512-4gB8na07fecVVkOI6Rs4e7T6NOTki5EmL7TUduTs6bu3EdnSycntVJ4re8kgZA+wx9IueI2Y11bfbgwtzuE0KQ==",
        "dependencies": {}
      },
      "tar-fs@2.1.1": {
        "integrity": "sha512-V0r2Y9scmbDRLCNex/+hYzvp/zyYjvFbHPNgVTKfQvVrb6guiE/fxP+XblDNR011utopbkex2nM4dHNV6GDsng==",
        "dependencies": {
          "chownr": "chownr@1.1.4",
          "mkdirp-classic": "mkdirp-classic@0.5.3",
          "pump": "pump@3.0.0",
          "tar-stream": "tar-stream@2.2.0"
        }
      },
      "tar-stream@2.2.0": {
        "integrity": "sha512-ujeqbceABgwMZxEJnk2HDY2DlnUZ+9oEcb1KzTVfYHio0UE6dG71n60d8D2I4qNvleWrrXpmjpt7vZeF1LnMZQ==",
        "dependencies": {
          "bl": "bl@4.1.0",
          "end-of-stream": "end-of-stream@1.4.4",
          "fs-constants": "fs-constants@1.0.0",
          "inherits": "inherits@2.0.4",
          "readable-stream": "readable-stream@3.6.1"
        }
      },
      "tar@6.1.13": {
        "integrity": "sha512-jdIBIN6LTIe2jqzay/2vtYLlBHa3JF42ot3h1dW8Q0PaAG4v8rm0cvpVePtau5C6OKXGGcgO9q2AMNSWxiLqKw==",
        "dependencies": {
          "chownr": "chownr@2.0.0",
          "fs-minipass": "fs-minipass@2.1.0",
          "minipass": "minipass@4.2.0",
          "minizlib": "minizlib@2.1.2",
          "mkdirp": "mkdirp@1.0.4",
          "yallist": "yallist@4.0.0"
        }
      },
      "tunnel-agent@0.6.0": {
        "integrity": "sha512-McnNiV1l8RYeY8tBgEpuodCC1mLUdbSN+CYBL7kJsJNInOP8UjDDEwdk6Mw60vdLLrr5NHKZhMAOSrR2NZuQ+w==",
        "dependencies": {
          "safe-buffer": "safe-buffer@5.2.1"
        }
      },
      "type-fest@3.6.0": {
        "integrity": "sha512-RqTRtKTzvPpNdDUp1dVkKQRunlPITk4mXeqFlAZoJsS+fLRn8AdPK0TcQDumGayhU7fjlBfiBjsq3pe3rIfXZQ==",
        "dependencies": {}
      },
      "unique-filename@2.0.1": {
        "integrity": "sha512-ODWHtkkdx3IAR+veKxFV+VBkUMcN+FaqzUUd7IZzt+0zhDZFPFxhlqwPF3YQvMHx1TD0tdgYl+kuPnJ8E6ql7A==",
        "dependencies": {
          "unique-slug": "unique-slug@3.0.0"
        }
      },
      "unique-slug@3.0.0": {
        "integrity": "sha512-8EyMynh679x/0gqE9fT9oilG+qEt+ibFyqjuVTsZn1+CMxH+XLlpvr2UZx4nVcCwTpx81nICr2JQFkM+HPLq4w==",
        "dependencies": {
          "imurmurhash": "imurmurhash@0.1.4"
        }
      },
      "util-deprecate@1.0.2": {
        "integrity": "sha512-EPD5q1uXyFxJpCrLnCc1nHnq3gOa6DZBocAIiI2TaSCA7VCJ1UJDMagCzIkXNsUYfD1daK//LTEQ8xiIbrHtcw==",
        "dependencies": {}
      },
      "utility-types@3.10.0": {
        "integrity": "sha512-O11mqxmi7wMKCo6HKFt5AhO4BwY3VV68YU07tgxfz8zJTIxr4BpsezN49Ffwy9j3ZpwwJp4fkRwjRzq3uWE6Rg==",
        "dependencies": {}
      },
      "which@2.0.2": {
        "integrity": "sha512-BLI3Tl1TW3Pvl70l3yq3Y64i+awpwXqsGBYWkkqMtnbXgrMD+yj7rhW0kuEDxzJaYXGjEW5ogapKNMEKNMjibA==",
        "dependencies": {
          "isexe": "isexe@2.0.0"
        }
      },
      "wide-align@1.1.5": {
        "integrity": "sha512-eDMORYaPNZ4sQIuuYPDHdQvf4gyCF9rEEV/yPxGfwPkRodwEgiMUUXTx/dex+Me0wxx53S+NgUHaP7y3MGlDmg==",
        "dependencies": {
          "string-width": "string-width@4.2.3"
        }
      },
      "wrappy@1.0.2": {
        "integrity": "sha512-l4Sp/DRseor9wL6EvV2+TuQn63dMkPjZ/sp9XkghTEbV9KlPS1xUsZ3u7/IQO4wxtcFB4bgpQPRcR3QCvezPcQ==",
        "dependencies": {}
      },
      "yallist@4.0.0": {
        "integrity": "sha512-3wdGidZyq5PB084XLES5TpOSRA3wjXAlIWMhum2kRcv/41Sn2emQ0dycQW4uZXLejwKvg6EsvbdlVL+FYEct7A==",
        "dependencies": {}
      },
      "yaml@2.2.1": {
        "integrity": "sha512-e0WHiYql7+9wr4cWMx3TVQrNwejKaEe7/rHNmQmqRjazfOP5W8PB6Jpebb5o6fIapbz9o9+2ipcaTM2ZwDI6lw==",
        "dependencies": {}
      }
    }
  }
}
