{
  "version": "2",
  "remote": {
    "https://deno.land/std@0.127.0/_util/assert.ts": "6396c1bd0361c4939e7f32f9b03efffcd04b640a1b206ed67058553d6cb59cc4",
    "https://deno.land/std@0.127.0/_util/os.ts": "49b92edea1e82ba295ec946de8ffd956ed123e2948d9bd1d3e901b04e4307617",
    "https://deno.land/std@0.127.0/path/_constants.ts": "df1db3ffa6dd6d1252cc9617e5d72165cd2483df90e93833e13580687b6083c3",
    "https://deno.land/std@0.127.0/path/_interface.ts": "ee3b431a336b80cf445441109d089b70d87d5e248f4f90ff906820889ecf8d09",
    "https://deno.land/std@0.127.0/path/_util.ts": "c1e9686d0164e29f7d880b2158971d805b6e0efc3110d0b3e24e4b8af2190d2b",
    "https://deno.land/std@0.127.0/path/common.ts": "bee563630abd2d97f99d83c96c2fa0cca7cee103e8cb4e7699ec4d5db7bd2633",
    "https://deno.land/std@0.127.0/path/glob.ts": "cb5255638de1048973c3e69e420c77dc04f75755524cb3b2e160fe9277d939ee",
    "https://deno.land/std@0.127.0/path/mod.ts": "4275129bb766f0e475ecc5246aa35689eeade419d72a48355203f31802640be7",
    "https://deno.land/std@0.127.0/path/posix.ts": "663e4a6fe30a145f56aa41a22d95114c4c5582d8b57d2d7c9ed27ad2c47636bb",
    "https://deno.land/std@0.127.0/path/separator.ts": "fe1816cb765a8068afb3e8f13ad272351c85cbc739af56dacfc7d93d710fe0f9",
    "https://deno.land/std@0.127.0/path/win32.ts": "e7bdf63e8d9982b4d8a01ef5689425c93310ece950e517476e22af10f41a136e",
    "https://deno.land/x/nanoid@v3.0.0/customAlphabet.ts": "1cfd7cfd2f07ca8d78a7e7855fcc9f59abf01ef2a127484ef94328fadf940ead",
    "https://deno.land/x/nanoid@v3.0.0/customRandom.ts": "af56e19038c891a4b4ef2be931554c27579bd407ee5bbea5cb64f6ee1347cbe3",
    "https://deno.land/x/nanoid@v3.0.0/mod.ts": "3ead610e40c58d8fdca21d5da9ec661445a2b82526e19c34d05de5f90be8a1be",
    "https://deno.land/x/nanoid@v3.0.0/nanoid.ts": "8d119bc89a0f34e7bbe0c2dbdc280d01753e431af553d189663492310a31085d",
    "https://deno.land/x/nanoid@v3.0.0/random.ts": "4da71d5f72f2bfcc6a4ee79b5d4e72f48dcf4fe4c3835fd5ebab08b9f33cd598",
    "https://deno.land/x/nanoid@v3.0.0/urlAlphabet.ts": "8b1511deb1ecb23c66202b6000dc10fb68f9a96b5550c6c8cef5009324793431",
    "https://deno.land/x/sqlite@v3.7.0/build/sqlite.d.ts": "12908ced1670f96d5dc39aebb0d659630136fa6523881e4712cfb20b122dd324",
    "https://deno.land/x/sqlite@v3.7.0/build/sqlite.js": "cc55fef9cd124b2acb624899a5fad413834f4701bcfc21ac275844b822466292",
    "https://deno.land/x/sqlite@v3.7.0/build/vfs.js": "08533cc78fb29b9d9bd62f6bb93e5ef333407013fed185776808f11223ba0e70",
    "https://deno.land/x/sqlite@v3.7.0/mod.ts": "e09fc79d8065fe222578114b109b1fd60077bff1bb75448532077f784f4d6a83",
    "https://deno.land/x/sqlite@v3.7.0/src/constants.ts": "90f3be047ec0a89bcb5d6fc30db121685fc82cb00b1c476124ff47a4b0472aa9",
    "https://deno.land/x/sqlite@v3.7.0/src/db.ts": "87e3d222d00dd2e2827816a47976c6359996ab39e69c7f87855ea414585839c6",
    "https://deno.land/x/sqlite@v3.7.0/src/error.ts": "f7a15cb00d7c3797da1aefee3cf86d23e0ae92e73f0ba3165496c3816ab9503a",
    "https://deno.land/x/sqlite@v3.7.0/src/function.ts": "e4c83b8ec64bf88bafad2407376b0c6a3b54e777593c70336fb40d43a79865f2",
    "https://deno.land/x/sqlite@v3.7.0/src/query.ts": "69895232360b4254a8834e3bbea30bc3752cf691dba862f4a393e7a41a2e30eb",
    "https://deno.land/x/sqlite@v3.7.0/src/wasm.ts": "e79d0baa6e42423257fb3c7cc98091c54399254867e0f34a09b5bdef37bd9487"
  }
}
