{
  "name": "json",
  "lockfileVersion": 2,
  "requires": true,
  "packages": {
    "": {
      "name": "json",
      "hasInstallScript": true,
      "dependencies": {
        "better-sqlite3": "^7.6.2"
      }
    },
    "node_modules/base64-js": {
      "version": "1.5.1",
      "funding": [
        {
          "type": "github",
          "url": "https://github.com/sponsors/feross"
        },
        {
          "type": "patreon",
          "url": "https://www.patreon.com/feross"
        },
        {
          "type": "consulting",
          "url": "https://feross.org/support"
        }
      ],
      "license": "MIT"
    },
    "node_modules/better-sqlite3": {
      "version": "7.6.2",
      "resolved": "https://registry.npmjs.org/better-sqlite3/-/better-sqlite3-7.6.2.tgz",
      "integrity": "sha512-S5zIU1Hink2AH4xPsN0W43T1/AJ5jrPh7Oy07ocuW/AKYYY02GWzz9NH0nbSMn/gw6fDZ5jZ1QsHt1BXAwJ6Lg==",
      "hasInstallScript": true,
      "dependencies": {
        "bindings": "^1.5.0",
        "prebuild-install": "^7.1.0"
      }
    },
    "node_modules/bindings": {
      "version": "1.5.0",
      "license": "MIT",
      "dependencies": {
        "file-uri-to-path": "1.0.0"
      }
    },
    "node_modules/bl": {
      "version": "4.1.0",
      "license": "MIT",
      "dependencies": {
        "buffer": "^5.5.0",
        "inherits": "^2.0.4",
        "readable-stream": "^3.4.0"
      }
    },
    "node_modules/buffer": {
      "version": "5.7.1",
      "funding": [
        {
          "type": "github",
          "url": "https://github.com/sponsors/feross"
        },
        {
          "type": "patreon",
          "url": "https://www.patreon.com/feross"
        },
        {
          "type": "consulting",
          "url": "https://feross.org/support"
        }
      ],
      "license": "MIT",
      "dependencies": {
        "base64-js": "^1.3.1",
        "ieee754": "^1.1.13"
      }
    },
    "node_modules/chownr": {
      "version": "1.1.4",
      "license": "ISC"
    },
    "node_modules/decompress-response": {
      "version": "6.0.0",
      "license": "MIT",
      "dependencies": {
        "mimic-response": "^3.1.0"
      },
      "engines": {
        "node": ">=10"
      },
      "funding": {
        "url": "https://github.com/sponsors/sindresorhus"
      }
    },
    "node_modules/deep-extend": {
      "version": "0.6.0",
      "license": "MIT",
      "engines": {
        "node": ">=4.0.0"
      }
    },
    "node_modules/detect-libc": {
      "version": "2.0.1",
      "license": "Apache-2.0",
      "engines": {
        "node": ">=8"
      }
    },
    "node_modules/end-of-stream": {
      "version": "1.4.4",
      "license": "MIT",
      "dependencies": {
        "once": "^1.4.0"
      }
    },
    "node_modules/expand-template": {
      "version": "2.0.3",
      "license": "(MIT OR WTFPL)",
      "engines": {
        "node": ">=6"
      }
    },
    "node_modules/file-uri-to-path": {
      "version": "1.0.0",
      "license": "MIT"
    },
    "node_modules/fs-constants": {
      "version": "1.0.0",
      "license": "MIT"
    },
    "node_modules/github-from-package": {
      "version": "0.0.0",
      "license": "MIT"
    },
    "node_modules/ieee754": {
      "version": "1.2.1",
      "funding": [
        {
          "type": "github",
          "url": "https://github.com/sponsors/feross"
        },
        {
          "type": "patreon",
          "url": "https://www.patreon.com/feross"
        },
        {
          "type": "consulting",
          "url": "https://feross.org/support"
        }
      ],
      "license": "BSD-3-Clause"
    },
    "node_modules/inherits": {
      "version": "2.0.4",
      "license": "ISC"
    },
    "node_modules/ini": {
      "version": "1.3.8",
      "license": "ISC"
    },
    "node_modules/lru-cache": {
      "version": "6.0.0",
      "license": "ISC",
      "dependencies": {
        "yallist": "^4.0.0"
      },
      "engines": {
        "node": ">=10"
      }
    },
    "node_modules/mimic-response": {
      "version": "3.1.0",
      "license": "MIT",
      "engines": {
        "node": ">=10"
      },
      "funding": {
        "url": "https://github.com/sponsors/sindresorhus"
      }
    },
    "node_modules/minimist": {
      "version": "1.2.6",
      "license": "MIT"
    },
    "node_modules/mkdirp-classic": {
      "version": "0.5.3",
      "license": "MIT"
    },
    "node_modules/napi-build-utils": {
      "version": "1.0.2",
      "license": "MIT"
    },
    "node_modules/node-abi": {
      "version": "3.24.0",
      "license": "MIT",
      "dependencies": {
        "semver": "^7.3.5"
      },
      "engines": {
        "node": ">=10"
      }
    },
    "node_modules/once": {
      "version": "1.4.0",
      "license": "ISC",
      "dependencies": {
        "wrappy": "1"
      }
    },
    "node_modules/prebuild-install": {
      "version": "7.1.1",
      "license": "MIT",
      "dependencies": {
        "detect-libc": "^2.0.0",
        "expand-template": "^2.0.3",
        "github-from-package": "0.0.0",
        "minimist": "^1.2.3",
        "mkdirp-classic": "^0.5.3",
        "napi-build-utils": "^1.0.1",
        "node-abi": "^3.3.0",
        "pump": "^3.0.0",
        "rc": "^1.2.7",
        "simple-get": "^4.0.0",
        "tar-fs": "^2.0.0",
        "tunnel-agent": "^0.6.0"
      },
      "bin": {
        "prebuild-install": "bin.js"
      },
      "engines": {
        "node": ">=10"
      }
    },
    "node_modules/pump": {
      "version": "3.0.0",
      "license": "MIT",
      "dependencies": {
        "end-of-stream": "^1.1.0",
        "once": "^1.3.1"
      }
    },
    "node_modules/rc": {
      "version": "1.2.8",
      "license": "(BSD-2-Clause OR MIT OR Apache-2.0)",
      "dependencies": {
        "deep-extend": "^0.6.0",
        "ini": "~1.3.0",
        "minimist": "^1.2.0",
        "strip-json-comments": "~2.0.1"
      },
      "bin": {
        "rc": "cli.js"
      }
    },
    "node_modules/readable-stream": {
      "version": "3.6.0",
      "license": "MIT",
      "dependencies": {
        "inherits": "^2.0.3",
        "string_decoder": "^1.1.1",
        "util-deprecate": "^1.0.1"
      },
      "engines": {
        "node": ">= 6"
      }
    },
    "node_modules/safe-buffer": {
      "version": "5.2.1",
      "funding": [
        {
          "type": "github",
          "url": "https://github.com/sponsors/feross"
        },
        {
          "type": "patreon",
          "url": "https://www.patreon.com/feross"
        },
        {
          "type": "consulting",
          "url": "https://feross.org/support"
        }
      ],
      "license": "MIT"
    },
    "node_modules/semver": {
      "version": "7.3.7",
      "license": "ISC",
      "dependencies": {
        "lru-cache": "^6.0.0"
      },
      "bin": {
        "semver": "bin/semver.js"
      },
      "engines": {
        "node": ">=10"
      }
    },
    "node_modules/simple-concat": {
      "version": "1.0.1",
      "funding": [
        {
          "type": "github",
          "url": "https://github.com/sponsors/feross"
        },
        {
          "type": "patreon",
          "url": "https://www.patreon.com/feross"
        },
        {
          "type": "consulting",
          "url": "https://feross.org/support"
        }
      ],
      "license": "MIT"
    },
    "node_modules/simple-get": {
      "version": "4.0.1",
      "funding": [
        {
          "type": "github",
          "url": "https://github.com/sponsors/feross"
        },
        {
          "type": "patreon",
          "url": "https://www.patreon.com/feross"
        },
        {
          "type": "consulting",
          "url": "https://feross.org/support"
        }
      ],
      "license": "MIT",
      "dependencies": {
        "decompress-response": "^6.0.0",
        "once": "^1.3.1",
        "simple-concat": "^1.0.0"
      }
    },
    "node_modules/string_decoder": {
      "version": "1.3.0",
      "license": "MIT",
      "dependencies": {
        "safe-buffer": "~5.2.0"
      }
    },
    "node_modules/strip-json-comments": {
      "version": "2.0.1",
      "license": "MIT",
      "engines": {
        "node": ">=0.10.0"
      }
    },
    "node_modules/tar-fs": {
      "version": "2.1.1",
      "license": "MIT",
      "dependencies": {
        "chownr": "^1.1.1",
        "mkdirp-classic": "^0.5.2",
        "pump": "^3.0.0",
        "tar-stream": "^2.1.4"
      }
    },
    "node_modules/tar-stream": {
      "version": "2.2.0",
      "license": "MIT",
      "dependencies": {
        "bl": "^4.0.3",
        "end-of-stream": "^1.4.1",
        "fs-constants": "^1.0.0",
        "inherits": "^2.0.3",
        "readable-stream": "^3.1.1"
      },
      "engines": {
        "node": ">=6"
      }
    },
    "node_modules/tunnel-agent": {
      "version": "0.6.0",
      "license": "Apache-2.0",
      "dependencies": {
        "safe-buffer": "^5.0.1"
      },
      "engines": {
        "node": "*"
      }
    },
    "node_modules/util-deprecate": {
      "version": "1.0.2",
      "license": "MIT"
    },
    "node_modules/wrappy": {
      "version": "1.0.2",
      "license": "ISC"
    },
    "node_modules/yallist": {
      "version": "4.0.0",
      "license": "ISC"
    }
  },
  "dependencies": {
    "base64-js": {
      "version": "1.5.1"
    },
    "better-sqlite3": {
      "version": "7.6.2",
      "resolved": "https://registry.npmjs.org/better-sqlite3/-/better-sqlite3-7.6.2.tgz",
      "integrity": "sha512-S5zIU1Hink2AH4xPsN0W43T1/AJ5jrPh7Oy07ocuW/AKYYY02GWzz9NH0nbSMn/gw6fDZ5jZ1QsHt1BXAwJ6Lg==",
      "requires": {
        "bindings": "^1.5.0",
        "prebuild-install": "^7.1.0"
      }
    },
    "bindings": {
      "version": "1.5.0",
      "requires": {
        "file-uri-to-path": "1.0.0"
      }
    },
    "bl": {
      "version": "4.1.0",
      "requires": {
        "buffer": "^5.5.0",
        "inherits": "^2.0.4",
        "readable-stream": "^3.4.0"
      }
    },
    "buffer": {
      "version": "5.7.1",
      "requires": {
        "base64-js": "^1.3.1",
        "ieee754": "^1.1.13"
      }
    },
    "chownr": {
      "version": "1.1.4"
    },
    "decompress-response": {
      "version": "6.0.0",
      "requires": {
        "mimic-response": "^3.1.0"
      }
    },
    "deep-extend": {
      "version": "0.6.0"
    },
    "detect-libc": {
      "version": "2.0.1"
    },
    "end-of-stream": {
      "version": "1.4.4",
      "requires": {
        "once": "^1.4.0"
      }
    },
    "expand-template": {
      "version": "2.0.3"
    },
    "file-uri-to-path": {
      "version": "1.0.0"
    },
    "fs-constants": {
      "version": "1.0.0"
    },
    "github-from-package": {
      "version": "0.0.0"
    },
    "ieee754": {
      "version": "1.2.1"
    },
    "inherits": {
      "version": "2.0.4"
    },
    "ini": {
      "version": "1.3.8"
    },
    "lru-cache": {
      "version": "6.0.0",
      "requires": {
        "yallist": "^4.0.0"
      }
    },
    "mimic-response": {
      "version": "3.1.0"
    },
    "minimist": {
      "version": "1.2.6"
    },
    "mkdirp-classic": {
      "version": "0.5.3"
    },
    "napi-build-utils": {
      "version": "1.0.2"
    },
    "node-abi": {
      "version": "3.24.0",
      "requires": {
        "semver": "^7.3.5"
      }
    },
    "once": {
      "version": "1.4.0",
      "requires": {
        "wrappy": "1"
      }
    },
    "prebuild-install": {
      "version": "7.1.1",
      "requires": {
        "detect-libc": "^2.0.0",
        "expand-template": "^2.0.3",
        "github-from-package": "0.0.0",
        "minimist": "^1.2.3",
        "mkdirp-classic": "^0.5.3",
        "napi-build-utils": "^1.0.1",
        "node-abi": "^3.3.0",
        "pump": "^3.0.0",
        "rc": "^1.2.7",
        "simple-get": "^4.0.0",
        "tar-fs": "^2.0.0",
        "tunnel-agent": "^0.6.0"
      }
    },
    "pump": {
      "version": "3.0.0",
      "requires": {
        "end-of-stream": "^1.1.0",
        "once": "^1.3.1"
      }
    },
    "rc": {
      "version": "1.2.8",
      "requires": {
        "deep-extend": "^0.6.0",
        "ini": "~1.3.0",
        "minimist": "^1.2.0",
        "strip-json-comments": "~2.0.1"
      }
    },
    "readable-stream": {
      "version": "3.6.0",
      "requires": {
        "inherits": "^2.0.3",
        "string_decoder": "^1.1.1",
        "util-deprecate": "^1.0.1"
      }
    },
    "safe-buffer": {
      "version": "5.2.1"
    },
    "semver": {
      "version": "7.3.7",
      "requires": {
        "lru-cache": "^6.0.0"
      }
    },
    "simple-concat": {
      "version": "1.0.1"
    },
    "simple-get": {
      "version": "4.0.1",
      "requires": {
        "decompress-response": "^6.0.0",
        "once": "^1.3.1",
        "simple-concat": "^1.0.0"
      }
    },
    "string_decoder": {
      "version": "1.3.0",
      "requires": {
        "safe-buffer": "~5.2.0"
      }
    },
    "strip-json-comments": {
      "version": "2.0.1"
    },
    "tar-fs": {
      "version": "2.1.1",
      "requires": {
        "chownr": "^1.1.1",
        "mkdirp-classic": "^0.5.2",
        "pump": "^3.0.0",
        "tar-stream": "^2.1.4"
      }
    },
    "tar-stream": {
      "version": "2.2.0",
      "requires": {
        "bl": "^4.0.3",
        "end-of-stream": "^1.4.1",
        "fs-constants": "^1.0.0",
        "inherits": "^2.0.3",
        "readable-stream": "^3.1.1"
      }
    },
    "tunnel-agent": {
      "version": "0.6.0",
      "requires": {
        "safe-buffer": "^5.0.1"
      }
    },
    "util-deprecate": {
      "version": "1.0.2"
    },
    "wrappy": {
      "version": "1.0.2"
    },
    "yallist": {
      "version": "4.0.0"
    }
  }
}
